hash: a5221fbf276abcffac11722247a0fa63bd6417e8eb4eb12525bc2ea9267837c9
updated: 2016-11-15T22:23:28.318053347+01:00
imports:
- name: github.com/BurntSushi/toml
  version: ""
- name: github.com/cisco/senml
  version: 157479c25a2fcba03d0eb9d5bb237a079e4a07cb
- name: github.com/eclipse/paho.mqtt.golang
  version: ""
  subpackages:
  - packets
- name: github.com/fatih/color
  version: ""
- name: github.com/go-zoo/bone
  version: ""
- name: github.com/krylovsk/gosenml
  version: 622f37da9cd8a55aa7ef7f06d0be90dce110dca8
- name: github.com/mattn/go-colorable
  version: 622f37da9cd8a55aa7ef7f06d0be90dce110dca8
- name: github.com/mattn/go-isatty
  version: 622f37da9cd8a55aa7ef7f06d0be90dce110dca8
- name: github.com/satori/go.uuid
  version: ""
- name: github.com/ugorji/go
  version: faddd6128c66c4708f45fdc007f575f75e592a3c
  subpackages:
  - codec
- name: github.com/xeipuuv/gojsonpointer
  version: 622f37da9cd8a55aa7ef7f06d0be90dce110dca8
- name: github.com/xeipuuv/gojsonreference
  version: 622f37da9cd8a55aa7ef7f06d0be90dce110dca8
- name: github.com/xeipuuv/gojsonschema
  version: 622f37da9cd8a55aa7ef7f06d0be90dce110dca8
- name: golang.org/x/net
  version: 622f37da9cd8a55aa7ef7f06d0be90dce110dca8
  subpackages:
  - websocket
- name: golang.org/x/sys
  version: 622f37da9cd8a55aa7ef7f06d0be90dce110dca8
  subpackages:
  - unix
- name: gopkg.in/mgo.v2
  version: 622f37da9cd8a55aa7ef7f06d0be90dce110dca8
  subpackages:
  - bson
  - internal/json
  - internal/sasl
  - internal/scram
testImports:
- name: github.com/go-errors/errors
  version: 622f37da9cd8a55aa7ef7f06d0be90dce110dca8
- name: github.com/go-sql-driver/mysql
  version: ""
- name: github.com/lib/pq
  version: 622f37da9cd8a55aa7ef7f06d0be90dce110dca8
  subpackages:
  - oid
- name: github.com/ory-am/common
  version: 622f37da9cd8a55aa7ef7f06d0be90dce110dca8
  subpackages:
  - env
- name: github.com/ory-am/dockertest
  version: ""
- name: github.com/pborman/uuid
  version: ""
