hash: 56bdc6202fdf4314ce8afeaac0c101b579fff9ad4706fc284fb742ac4a5fc30f
updated: 2016-11-27T15:56:35.838096108+01:00
imports:
- name: github.com/BurntSushi/toml
  version: ""
- name: github.com/cisco/senml
  version: a28da2ab043d80d38c6c48856c795c95c3527e65
- name: github.com/eclipse/paho.mqtt.golang
  version: ""
  subpackages:
  - packets
- name: github.com/fatih/color
  version: ""
- name: github.com/go-zoo/bone
  version: ""
- name: github.com/mattn/go-colorable
  version: a28da2ab043d80d38c6c48856c795c95c3527e65
- name: github.com/mattn/go-isatty
  version: a28da2ab043d80d38c6c48856c795c95c3527e65
- name: github.com/nats-io/go-nats
  version: 6b6bf392d34d01f57cc563ae123f00c13778bd57
  subpackages:
  - encoders/builtin
  - util
- name: github.com/nats-io/nuid
  version: 289cccf02c178dc782430d534e3c1f5b72af807f
- name: github.com/satori/go.uuid
  version: ""
- name: github.com/ugorji/go
  version: a28da2ab043d80d38c6c48856c795c95c3527e65
  subpackages:
  - codec
- name: github.com/xeipuuv/gojsonpointer
  version: a28da2ab043d80d38c6c48856c795c95c3527e65
- name: github.com/xeipuuv/gojsonreference
  version: a28da2ab043d80d38c6c48856c795c95c3527e65
- name: github.com/xeipuuv/gojsonschema
  version: a28da2ab043d80d38c6c48856c795c95c3527e65
- name: golang.org/x/net
  version: a28da2ab043d80d38c6c48856c795c95c3527e65
  subpackages:
  - websocket
- name: golang.org/x/sys
  version: a28da2ab043d80d38c6c48856c795c95c3527e65
  subpackages:
  - unix
- name: gopkg.in/mgo.v2
  version: a28da2ab043d80d38c6c48856c795c95c3527e65
  subpackages:
  - bson
  - internal/json
  - internal/sasl
  - internal/scram
testImports:
- name: github.com/go-errors/errors
  version: a28da2ab043d80d38c6c48856c795c95c3527e65
- name: github.com/go-sql-driver/mysql
  version: ""
- name: github.com/lib/pq
  version: a28da2ab043d80d38c6c48856c795c95c3527e65
  subpackages:
  - oid
- name: github.com/ory-am/common
  version: a28da2ab043d80d38c6c48856c795c95c3527e65
  subpackages:
  - env
- name: github.com/ory-am/dockertest
  version: ""
- name: github.com/pborman/uuid
  version: ""
