hash: 56bdc6202fdf4314ce8afeaac0c101b579fff9ad4706fc284fb742ac4a5fc30f
updated: 2016-11-20T17:58:19.02528086+01:00
imports:
- name: github.com/BurntSushi/toml
  version: bbd5bb678321a0d6e58f1099321dfa73391c1b6f
- name: github.com/cisco/senml
  version: 157479c25a2fcba03d0eb9d5bb237a079e4a07cb
- name: github.com/eclipse/paho.mqtt.golang
  version: 13afcbe8e41508479762a90e9242577210c2ca8d
  subpackages:
  - packets
- name: github.com/fatih/color
  version: dea9d3a26a087187530244679c1cfb3a42937794
- name: github.com/go-zoo/bone
  version: fd0aebc74e908868b09ac140fb5a53cb363884c1
- name: github.com/mattn/go-colorable
  version: d228849504861217f796da67fae4f6e347643f15
- name: github.com/mattn/go-isatty
  version: 66b8e73f3f5cda9f96b69efd03dd3d7fc4a5cdb8
- name: github.com/satori/go.uuid
  version: 879c5887cd475cd7864858769793b2ceb0d44feb
- name: github.com/ugorji/go
  version: faddd6128c66c4708f45fdc007f575f75e592a3c
  subpackages:
  - codec
- name: github.com/xeipuuv/gojsonpointer
  version: e0fe6f68307607d540ed8eac07a342c33fa1b54a
- name: github.com/xeipuuv/gojsonreference
  version: e02fc20de94c78484cd5ffb007f8af96be030a45
- name: github.com/xeipuuv/gojsonschema
  version: e18f0065e8c148fcf567ac43a3f8f5b66ac0720b
- name: golang.org/x/net
  version: 4971afdc2f162e82d185353533d3cf16188a9f4e
  subpackages:
  - websocket
- name: golang.org/x/sys
  version: b699b7032584f0953262cb2788a0ca19bb494703
  subpackages:
  - unix
- name: gopkg.in/mgo.v2
  version: 3f83fa5005286a7fe593b055f0d7771a7dce4655
  subpackages:
  - bson
  - internal/json
  - internal/sasl
  - internal/scram
testImports:
- name: github.com/go-errors/errors
  version: a41850380601eeb43f4350f7d17c6bbd8944aaf8
- name: github.com/go-sql-driver/mysql
  version: 0b58b37b664c21f3010e836f1b931e1d0b0b0685
- name: github.com/lib/pq
  version: d8eeeb8bae8896dd8e1b7e514ab0d396c4f12a1b
  subpackages:
  - oid
- name: github.com/ory-am/common
  version: d93c852f2d09c219fd058756caf67bbdf8cf4be4
  subpackages:
  - env
- name: github.com/ory-am/dockertest
  version: edb9d9444e6868c1b1e279098b628e7b8e6f0714
- name: github.com/pborman/uuid
  version: a97ce2ca70fa5a848076093f05e639a89ca34d06
